
Microsoft Visual Studio Solution File, Format Version 12.00
# Visual Studio Version 16
VisualStudioVersion = 16.0.31129.286
MinimumVisualStudioVersion = 10.0.40219.1
Project("{FAE04EC0-301F-11D3-BF4B-00C04F79EFBC}") = "Template", "Template\Template.csproj", "{1B2F9E6E-EE74-414C-8CD0-5ED01F32E2D8}"
EndProject
Project("{2150E333-8FDC-42A3-9474-1A3956D46DE8}") = "1-Web", "1-Web", "{884B146B-17A8-412F-B38D-D4B8D437519E}"
EndProject
Project("{2150E333-8FDC-42A3-9474-1A3956D46DE8}") = "2-Application", "2-Application", "{DE6B9E31-6CA6-4D2F-B5DE-A965BC0928A3}"
EndProject
Project("{2150E333-8FDC-42A3-9474-1A3956D46DE8}") = "3-Domain", "3-Domain", "{50D254CB-47BD-40D8-8CF4-87B62331A954}"
EndProject
Project("{2150E333-8FDC-42A3-9474-1A3956D46DE8}") = "4-Infra", "4-Infra", "{53A18EE0-9499-4DCC-BEF3-20B1DC3788F2}"
EndProject
Project("{FAE04EC0-301F-11D3-BF4B-00C04F79EFBC}") = "Template.Application", "Template.Application\Template.Application.csproj", "{FDEBD897-789C-41EC-BBF0-6C8C634F3CD8}"
EndProject
Project("{FAE04EC0-301F-11D3-BF4B-00C04F79EFBC}") = "Template.Domain", "Template.Domain\Template.Domain.csproj", "{CE537D6E-87A8-4503-85E0-E7DCB01C5391}"
EndProject
Project("{2150E333-8FDC-42A3-9474-1A3956D46DE8}") = "4.1-Data", "4.1-Data", "{3C3202AF-89CA-4387-B37C-0BE54C130B74}"
EndProject
Project("{2150E333-8FDC-42A3-9474-1A3956D46DE8}") = "4.2-CrossCutting", "4.2-CrossCutting", "{39DE2DFC-94B6-4CEE-B568-7FF310BCD1BD}"
EndProject
Project("{FAE04EC0-301F-11D3-BF4B-00C04F79EFBC}") = "Template.Data", "Template.Data\Template.Data.csproj", "{E2C6A298-6864-4A07-BBCD-9EA4729FA5FD}"
EndProject
Global
	GlobalSection(SolutionConfigurationPlatforms) = preSolution
		Debug|Any CPU = Debug|Any CPU
		Release|Any CPU = Release|Any CPU
	EndGlobalSection
	GlobalSection(ProjectConfigurationPlatforms) = postSolution
		{1B2F9E6E-EE74-414C-8CD0-5ED01F32E2D8}.Debug|Any CPU.ActiveCfg = Debug|Any CPU
		{1B2F9E6E-EE74-414C-8CD0-5ED01F32E2D8}.Debug|Any CPU.Build.0 = Debug|Any CPU
		{1B2F9E6E-EE74-414C-8CD0-5ED01F32E2D8}.Release|Any CPU.ActiveCfg = Release|Any CPU
		{1B2F9E6E-EE74-414C-8CD0-5ED01F32E2D8}.Release|Any CPU.Build.0 = Release|Any CPU
		{FDEBD897-789C-41EC-BBF0-6C8C634F3CD8}.Debug|Any CPU.ActiveCfg = Debug|Any CPU
		{FDEBD897-789C-41EC-BBF0-6C8C634F3CD8}.Debug|Any CPU.Build.0 = Debug|Any CPU
		{FDEBD897-789C-41EC-BBF0-6C8C634F3CD8}.Release|Any CPU.ActiveCfg = Release|Any CPU
		{FDEBD897-789C-41EC-BBF0-6C8C634F3CD8}.Release|Any CPU.Build.0 = Release|Any CPU
		{CE537D6E-87A8-4503-85E0-E7DCB01C5391}.Debug|Any CPU.ActiveCfg = Debug|Any CPU
		{CE537D6E-87A8-4503-85E0-E7DCB01C5391}.Debug|Any CPU.Build.0 = Debug|Any CPU
		{CE537D6E-87A8-4503-85E0-E7DCB01C5391}.Release|Any CPU.ActiveCfg = Release|Any CPU
		{CE537D6E-87A8-4503-85E0-E7DCB01C5391}.Release|Any CPU.Build.0 = Release|Any CPU
		{E2C6A298-6864-4A07-BBCD-9EA4729FA5FD}.Debug|Any CPU.ActiveCfg = Debug|Any CPU
		{E2C6A298-6864-4A07-BBCD-9EA4729FA5FD}.Debug|Any CPU.Build.0 = Debug|Any CPU
		{E2C6A298-6864-4A07-BBCD-9EA4729FA5FD}.Release|Any CPU.ActiveCfg = Release|Any CPU
		{E2C6A298-6864-4A07-BBCD-9EA4729FA5FD}.Release|Any CPU.Build.0 = Release|Any CPU
	EndGlobalSection
	GlobalSection(SolutionProperties) = preSolution
		HideSolutionNode = FALSE
	EndGlobalSection
	GlobalSection(NestedProjects) = preSolution
		{1B2F9E6E-EE74-414C-8CD0-5ED01F32E2D8} = {884B146B-17A8-412F-B38D-D4B8D437519E}
		{FDEBD897-789C-41EC-BBF0-6C8C634F3CD8} = {DE6B9E31-6CA6-4D2F-B5DE-A965BC0928A3}
		{CE537D6E-87A8-4503-85E0-E7DCB01C5391} = {50D254CB-47BD-40D8-8CF4-87B62331A954}
		{3C3202AF-89CA-4387-B37C-0BE54C130B74} = {53A18EE0-9499-4DCC-BEF3-20B1DC3788F2}
		{39DE2DFC-94B6-4CEE-B568-7FF310BCD1BD} = {53A18EE0-9499-4DCC-BEF3-20B1DC3788F2}
		{E2C6A298-6864-4A07-BBCD-9EA4729FA5FD} = {3C3202AF-89CA-4387-B37C-0BE54C130B74}
	EndGlobalSection
	GlobalSection(ExtensibilityGlobals) = postSolution
		SolutionGuid = {11D8F620-733F-4C8C-9342-516331FF8A8B}
	EndGlobalSection
EndGlobal
