
Microsoft Visual Studio Solution File, Format Version 12.00
# Visual Studio Version 16
VisualStudioVersion = 16.0.31129.286
MinimumVisualStudioVersion = 10.0.40219.1
Project("{FAE04EC0-301F-11D3-BF4B-00C04F79EFBC}") = "Template", "Template\Template.csproj", "{1B2F9E6E-EE74-414C-8CD0-5ED01F32E2D8}"
EndProject
Global
	GlobalSection(SolutionConfigurationPlatforms) = preSolution
		Debug|Any CPU = Debug|Any CPU
		Release|Any CPU = Release|Any CPU
	EndGlobalSection
	GlobalSection(ProjectConfigurationPlatforms) = postSolution
		{1B2F9E6E-EE74-414C-8CD0-5ED01F32E2D8}.Debug|Any CPU.ActiveCfg = Debug|Any CPU
		{1B2F9E6E-EE74-414C-8CD0-5ED01F32E2D8}.Debug|Any CPU.Build.0 = Debug|Any CPU
		{1B2F9E6E-EE74-414C-8CD0-5ED01F32E2D8}.Release|Any CPU.ActiveCfg = Release|Any CPU
		{1B2F9E6E-EE74-414C-8CD0-5ED01F32E2D8}.Release|Any CPU.Build.0 = Release|Any CPU
	EndGlobalSection
	GlobalSection(SolutionProperties) = preSolution
		HideSolutionNode = FALSE
	EndGlobalSection
	GlobalSection(ExtensibilityGlobals) = postSolution
		SolutionGuid = {11D8F620-733F-4C8C-9342-516331FF8A8B}
	EndGlobalSection
EndGlobal
